// !$*UTF8*$!
{
	archiveVersion = 1;
	classes = {
	};
	objectVersion = 50;
	objects = {

/* Begin PBXBuildFile section */
		EF7A909E22E4E95A00222FEC /* AppDelegate.swift in Sources */ = {isa = PBXBuildFile; fileRef = EF7A909D22E4E95A00222FEC /* AppDelegate.swift */; };
		EF7A90A022E4E95A00222FEC /* ViewController.swift in Sources */ = {isa = PBXBuildFile; fileRef = EF7A909F22E4E95A00222FEC /* ViewController.swift */; };
		EF7A90A322E4E95A00222FEC /* Main.storyboard in Resources */ = {isa = PBXBuildFile; fileRef = EF7A90A122E4E95A00222FEC /* Main.storyboard */; };
		EF7A90A622E4E95A00222FEC /* FunTodo.xcdatamodeld in Sources */ = {isa = PBXBuildFile; fileRef = EF7A90A422E4E95A00222FEC /* FunTodo.xcdatamodeld */; };
		EF7A90A822E4E95B00222FEC /* Assets.xcassets in Resources */ = {isa = PBXBuildFile; fileRef = EF7A90A722E4E95B00222FEC /* Assets.xcassets */; };
		EF7A90AB22E4E95B00222FEC /* LaunchScreen.storyboard in Resources */ = {isa = PBXBuildFile; fileRef = EF7A90A922E4E95B00222FEC /* LaunchScreen.storyboard */; };
		EF7A90B622E4E95B00222FEC /* FunTodoTests.swift in Sources */ = {isa = PBXBuildFile; fileRef = EF7A90B522E4E95B00222FEC /* FunTodoTests.swift */; };
		EF7A90C122E4E95B00222FEC /* FunTodoUITests.swift in Sources */ = {isa = PBXBuildFile; fileRef = EF7A90C022E4E95B00222FEC /* FunTodoUITests.swift */; };
/* End PBXBuildFile section */

/* Begin PBXContainerItemProxy section */
		EF7A90B222E4E95B00222FEC /* PBXContainerItemProxy */ = {
			isa = PBXContainerItemProxy;
			containerPortal = EF7A909222E4E95A00222FEC /* Project object */;
			proxyType = 1;
			remoteGlobalIDString = EF7A909922E4E95A00222FEC;
			remoteInfo = FunTodo;
		};
		EF7A90BD22E4E95B00222FEC /* PBXContainerItemProxy */ = {
			isa = PBXContainerItemProxy;
			containerPortal = EF7A909222E4E95A00222FEC /* Project object */;
			proxyType = 1;
			remoteGlobalIDString = EF7A909922E4E95A00222FEC;
			remoteInfo = FunTodo;
		};
/* End PBXContainerItemProxy section */

/* Begin PBXFileReference section */
		EF7A909A22E4E95A00222FEC /* FunTodo.app */ = {isa = PBXFileReference; explicitFileType = wrapper.application; includeInIndex = 0; path = FunTodo.app; sourceTree = BUILT_PRODUCTS_DIR; };
		EF7A909D22E4E95A00222FEC /* AppDelegate.swift */ = {isa = PBXFileReference; lastKnownFileType = sourcecode.swift; path = AppDelegate.swift; sourceTree = "<group>"; };
		EF7A909F22E4E95A00222FEC /* ViewController.swift */ = {isa = PBXFileReference; lastKnownFileType = sourcecode.swift; path = ViewController.swift; sourceTree = "<group>"; };
		EF7A90A222E4E95A00222FEC /* Base */ = {isa = PBXFileReference; lastKnownFileType = file.storyboard; name = Base; path = Base.lproj/Main.storyboard; sourceTree = "<group>"; };
		EF7A90A522E4E95A00222FEC /* FunTodo.xcdatamodel */ = {isa = PBXFileReference; lastKnownFileType = wrapper.xcdatamodel; path = FunTodo.xcdatamodel; sourceTree = "<group>"; };
		EF7A90A722E4E95B00222FEC /* Assets.xcassets */ = {isa = PBXFileReference; lastKnownFileType = folder.assetcatalog; path = Assets.xcassets; sourceTree = "<group>"; };
		EF7A90AA22E4E95B00222FEC /* Base */ = {isa = PBXFileReference; lastKnownFileType = file.storyboard; name = Base; path = Base.lproj/LaunchScreen.storyboard; sourceTree = "<group>"; };
		EF7A90AC22E4E95B00222FEC /* Info.plist */ = {isa = PBXFileReference; lastKnownFileType = text.plist.xml; path = Info.plist; sourceTree = "<group>"; };
		EF7A90B122E4E95B00222FEC /* FunTodoTests.xctest */ = {isa = PBXFileReference; explicitFileType = wrapper.cfbundle; includeInIndex = 0; path = FunTodoTests.xctest; sourceTree = BUILT_PRODUCTS_DIR; };
		EF7A90B522E4E95B00222FEC /* FunTodoTests.swift */ = {isa = PBXFileReference; lastKnownFileType = sourcecode.swift; path = FunTodoTests.swift; sourceTree = "<group>"; };
		EF7A90B722E4E95B00222FEC /* Info.plist */ = {isa = PBXFileReference; lastKnownFileType = text.plist.xml; path = Info.plist; sourceTree = "<group>"; };
		EF7A90BC22E4E95B00222FEC /* FunTodoUITests.xctest */ = {isa = PBXFileReference; explicitFileType = wrapper.cfbundle; includeInIndex = 0; path = FunTodoUITests.xctest; sourceTree = BUILT_PRODUCTS_DIR; };
		EF7A90C022E4E95B00222FEC /* FunTodoUITests.swift */ = {isa = PBXFileReference; lastKnownFileType = sourcecode.swift; path = FunTodoUITests.swift; sourceTree = "<group>"; };
		EF7A90C222E4E95B00222FEC /* Info.plist */ = {isa = PBXFileReference; lastKnownFileType = text.plist.xml; path = Info.plist; sourceTree = "<group>"; };
/* End PBXFileReference section */

/* Begin PBXFrameworksBuildPhase section */
		EF7A909722E4E95A00222FEC /* Frameworks */ = {
			isa = PBXFrameworksBuildPhase;
			buildActionMask = 2147483647;
			files = (
			);
			runOnlyForDeploymentPostprocessing = 0;
		};
		EF7A90AE22E4E95B00222FEC /* Frameworks */ = {
			isa = PBXFrameworksBuildPhase;
			buildActionMask = 2147483647;
			files = (
			);
			runOnlyForDeploymentPostprocessing = 0;
		};
		EF7A90B922E4E95B00222FEC /* Frameworks */ = {
			isa = PBXFrameworksBuildPhase;
			buildActionMask = 2147483647;
			files = (
			);
			runOnlyForDeploymentPostprocessing = 0;
		};
/* End PBXFrameworksBuildPhase section */

/* Begin PBXGroup section */
		EF7A909122E4E95A00222FEC = {
			isa = PBXGroup;
			children = (
				EF7A909C22E4E95A00222FEC /* FunTodo */,
				EF7A90B422E4E95B00222FEC /* FunTodoTests */,
				EF7A90BF22E4E95B00222FEC /* FunTodoUITests */,
				EF7A909B22E4E95A00222FEC /* Products */,
			);
			sourceTree = "<group>";
		};
		EF7A909B22E4E95A00222FEC /* Products */ = {
			isa = PBXGroup;
			children = (
				EF7A909A22E4E95A00222FEC /* FunTodo.app */,
				EF7A90B122E4E95B00222FEC /* FunTodoTests.xctest */,
				EF7A90BC22E4E95B00222FEC /* FunTodoUITests.xctest */,
			);
			name = Products;
			sourceTree = "<group>";
		};
		EF7A909C22E4E95A00222FEC /* FunTodo */ = {
			isa = PBXGroup;
			children = (
				EF7A909D22E4E95A00222FEC /* AppDelegate.swift */,
				EF7A909F22E4E95A00222FEC /* ViewController.swift */,
				EF7A90A122E4E95A00222FEC /* Main.storyboard */,
				EF7A90A722E4E95B00222FEC /* Assets.xcassets */,
				EF7A90A922E4E95B00222FEC /* LaunchScreen.storyboard */,
				EF7A90AC22E4E95B00222FEC /* Info.plist */,
				EF7A90A422E4E95A00222FEC /* FunTodo.xcdatamodeld */,
			);
			path = FunTodo;
			sourceTree = "<group>";
		};
		EF7A90B422E4E95B00222FEC /* FunTodoTests */ = {
			isa = PBXGroup;
			children = (
				EF7A90B522E4E95B00222FEC /* FunTodoTests.swift */,
				EF7A90B722E4E95B00222FEC /* Info.plist */,
			);
			path = FunTodoTests;
			sourceTree = "<group>";
		};
		EF7A90BF22E4E95B00222FEC /* FunTodoUITests */ = {
			isa = PBXGroup;
			children = (
				EF7A90C022E4E95B00222FEC /* FunTodoUITests.swift */,
				EF7A90C222E4E95B00222FEC /* Info.plist */,
			);
			path = FunTodoUITests;
			sourceTree = "<group>";
		};
/* End PBXGroup section */

/* Begin PBXNativeTarget section */
		EF7A909922E4E95A00222FEC /* FunTodo */ = {
			isa = PBXNativeTarget;
			buildConfigurationList = EF7A90C522E4E95B00222FEC /* Build configuration list for PBXNativeTarget "FunTodo" */;
			buildPhases = (
				EF7A909622E4E95A00222FEC /* Sources */,
				EF7A909722E4E95A00222FEC /* Frameworks */,
				EF7A909822E4E95A00222FEC /* Resources */,
			);
			buildRules = (
			);
			dependencies = (
			);
			name = FunTodo;
			productName = FunTodo;
			productReference = EF7A909A22E4E95A00222FEC /* FunTodo.app */;
			productType = "com.apple.product-type.application";
		};
		EF7A90B022E4E95B00222FEC /* FunTodoTests */ = {
			isa = PBXNativeTarget;
			buildConfigurationList = EF7A90C822E4E95B00222FEC /* Build configuration list for PBXNativeTarget "FunTodoTests" */;
			buildPhases = (
				EF7A90AD22E4E95B00222FEC /* Sources */,
				EF7A90AE22E4E95B00222FEC /* Frameworks */,
				EF7A90AF22E4E95B00222FEC /* Resources */,
			);
			buildRules = (
			);
			dependencies = (
				EF7A90B322E4E95B00222FEC /* PBXTargetDependency */,
			);
			name = FunTodoTests;
			productName = FunTodoTests;
			productReference = EF7A90B122E4E95B00222FEC /* FunTodoTests.xctest */;
			productType = "com.apple.product-type.bundle.unit-test";
		};
		EF7A90BB22E4E95B00222FEC /* FunTodoUITests */ = {
			isa = PBXNativeTarget;
			buildConfigurationList = EF7A90CB22E4E95B00222FEC /* Build configuration list for PBXNativeTarget "FunTodoUITests" */;
			buildPhases = (
				EF7A90B822E4E95B00222FEC /* Sources */,
				EF7A90B922E4E95B00222FEC /* Frameworks */,
				EF7A90BA22E4E95B00222FEC /* Resources */,
			);
			buildRules = (
			);
			dependencies = (
				EF7A90BE22E4E95B00222FEC /* PBXTargetDependency */,
			);
			name = FunTodoUITests;
			productName = FunTodoUITests;
			productReference = EF7A90BC22E4E95B00222FEC /* FunTodoUITests.xctest */;
			productType = "com.apple.product-type.bundle.ui-testing";
		};
/* End PBXNativeTarget section */

/* Begin PBXProject section */
		EF7A909222E4E95A00222FEC /* Project object */ = {
			isa = PBXProject;
			attributes = {
				LastSwiftUpdateCheck = 1020;
				LastUpgradeCheck = 1020;
				ORGANIZATIONNAME = Jrnels02;
				TargetAttributes = {
					EF7A909922E4E95A00222FEC = {
						CreatedOnToolsVersion = 10.2.1;
					};
					EF7A90B022E4E95B00222FEC = {
						CreatedOnToolsVersion = 10.2.1;
						TestTargetID = EF7A909922E4E95A00222FEC;
					};
					EF7A90BB22E4E95B00222FEC = {
						CreatedOnToolsVersion = 10.2.1;
						TestTargetID = EF7A909922E4E95A00222FEC;
					};
				};
			};
			buildConfigurationList = EF7A909522E4E95A00222FEC /* Build configuration list for PBXProject "FunTodo" */;
			compatibilityVersion = "Xcode 9.3";
			developmentRegion = en;
			hasScannedForEncodings = 0;
			knownRegions = (
				en,
				Base,
			);
			mainGroup = EF7A909122E4E95A00222FEC;
			productRefGroup = EF7A909B22E4E95A00222FEC /* Products */;
			projectDirPath = "";
			projectRoot = "";
			targets = (
				EF7A909922E4E95A00222FEC /* FunTodo */,
				EF7A90B022E4E95B00222FEC /* FunTodoTests */,
				EF7A90BB22E4E95B00222FEC /* FunTodoUITests */,
			);
		};
/* End PBXProject section */

/* Begin PBXResourcesBuildPhase section */
		EF7A909822E4E95A00222FEC /* Resources */ = {
			isa = PBXResourcesBuildPhase;
			buildActionMask = 2147483647;
			files = (
				EF7A90AB22E4E95B00222FEC /* LaunchScreen.storyboard in Resources */,
				EF7A90A822E4E95B00222FEC /* Assets.xcassets in Resources */,
				EF7A90A322E4E95A00222FEC /* Main.storyboard in Resources */,
			);
			runOnlyForDeploymentPostprocessing = 0;
		};
		EF7A90AF22E4E95B00222FEC /* Resources */ = {
			isa = PBXResourcesBuildPhase;
			buildActionMask = 2147483647;
			files = (
			);
			runOnlyForDeploymentPostprocessing = 0;
		};
		EF7A90BA22E4E95B00222FEC /* Resources */ = {
			isa = PBXResourcesBuildPhase;
			buildActionMask = 2147483647;
			files = (
			);
			runOnlyForDeploymentPostprocessing = 0;
		};
/* End PBXResourcesBuildPhase section */

/* Begin PBXSourcesBuildPhase section */
		EF7A909622E4E95A00222FEC /* Sources */ = {
			isa = PBXSourcesBuildPhase;
			buildActionMask = 2147483647;
			files = (
				EF7A90A622E4E95A00222FEC /* FunTodo.xcdatamodeld in Sources */,
				EF7A90A022E4E95A00222FEC /* ViewController.swift in Sources */,
				EF7A909E22E4E95A00222FEC /* AppDelegate.swift in Sources */,
			);
			runOnlyForDeploymentPostprocessing = 0;
		};
		EF7A90AD22E4E95B00222FEC /* Sources */ = {
			isa = PBXSourcesBuildPhase;
			buildActionMask = 2147483647;
			files = (
				EF7A90B622E4E95B00222FEC /* FunTodoTests.swift in Sources */,
			);
			runOnlyForDeploymentPostprocessing = 0;
		};
		EF7A90B822E4E95B00222FEC /* Sources */ = {
			isa = PBXSourcesBuildPhase;
			buildActionMask = 2147483647;
			files = (
				EF7A90C122E4E95B00222FEC /* FunTodoUITests.swift in Sources */,
			);
			runOnlyForDeploymentPostprocessing = 0;
		};
/* End PBXSourcesBuildPhase section */

/* Begin PBXTargetDependency section */
		EF7A90B322E4E95B00222FEC /* PBXTargetDependency */ = {
			isa = PBXTargetDependency;
			target = EF7A909922E4E95A00222FEC /* FunTodo */;
			targetProxy = EF7A90B222E4E95B00222FEC /* PBXContainerItemProxy */;
		};
		EF7A90BE22E4E95B00222FEC /* PBXTargetDependency */ = {
			isa = PBXTargetDependency;
			target = EF7A909922E4E95A00222FEC /* FunTodo */;
			targetProxy = EF7A90BD22E4E95B00222FEC /* PBXContainerItemProxy */;
		};
/* End PBXTargetDependency section */

/* Begin PBXVariantGroup section */
		EF7A90A122E4E95A00222FEC /* Main.storyboard */ = {
			isa = PBXVariantGroup;
			children = (
				EF7A90A222E4E95A00222FEC /* Base */,
			);
			name = Main.storyboard;
			sourceTree = "<group>";
		};
		EF7A90A922E4E95B00222FEC /* LaunchScreen.storyboard */ = {
			isa = PBXVariantGroup;
			children = (
				EF7A90AA22E4E95B00222FEC /* Base */,
			);
			name = LaunchScreen.storyboard;
			sourceTree = "<group>";
		};
/* End PBXVariantGroup section */

/* Begin XCBuildConfiguration section */
		EF7A90C322E4E95B00222FEC /* Debug */ = {
			isa = XCBuildConfiguration;
			buildSettings = {
				ALWAYS_SEARCH_USER_PATHS = NO;
				CLANG_ANALYZER_NONNULL = YES;
				CLANG_ANALYZER_NUMBER_OBJECT_CONVERSION = YES_AGGRESSIVE;
				CLANG_CXX_LANGUAGE_STANDARD = "gnu++14";
				CLANG_CXX_LIBRARY = "libc++";
				CLANG_ENABLE_MODULES = YES;
				CLANG_ENABLE_OBJC_ARC = YES;
				CLANG_ENABLE_OBJC_WEAK = YES;
				CLANG_WARN_BLOCK_CAPTURE_AUTORELEASING = YES;
				CLANG_WARN_BOOL_CONVERSION = YES;
				CLANG_WARN_COMMA = YES;
				CLANG_WARN_CONSTANT_CONVERSION = YES;
				CLANG_WARN_DEPRECATED_OBJC_IMPLEMENTATIONS = YES;
				CLANG_WARN_DIRECT_OBJC_ISA_USAGE = YES_ERROR;
				CLANG_WARN_DOCUMENTATION_COMMENTS = YES;
				CLANG_WARN_EMPTY_BODY = YES;
				CLANG_WARN_ENUM_CONVERSION = YES;
				CLANG_WARN_INFINITE_RECURSION = YES;
				CLANG_WARN_INT_CONVERSION = YES;
				CLANG_WARN_NON_LITERAL_NULL_CONVERSION = YES;
				CLANG_WARN_OBJC_IMPLICIT_RETAIN_SELF = YES;
				CLANG_WARN_OBJC_LITERAL_CONVERSION = YES;
				CLANG_WARN_OBJC_ROOT_CLASS = YES_ERROR;
				CLANG_WARN_RANGE_LOOP_ANALYSIS = YES;
				CLANG_WARN_STRICT_PROTOTYPES = YES;
				CLANG_WARN_SUSPICIOUS_MOVE = YES;
				CLANG_WARN_UNGUARDED_AVAILABILITY = YES_AGGRESSIVE;
				CLANG_WARN_UNREACHABLE_CODE = YES;
				CLANG_WARN__DUPLICATE_METHOD_MATCH = YES;
				CODE_SIGN_IDENTITY = "iPhone Developer";
				COPY_PHASE_STRIP = NO;
				DEBUG_INFORMATION_FORMAT = dwarf;
				ENABLE_STRICT_OBJC_MSGSEND = YES;
				ENABLE_TESTABILITY = YES;
				GCC_C_LANGUAGE_STANDARD = gnu11;
				GCC_DYNAMIC_NO_PIC = NO;
				GCC_NO_COMMON_BLOCKS = YES;
				GCC_OPTIMIZATION_LEVEL = 0;
				GCC_PREPROCESSOR_DEFINITIONS = (
					"DEBUG=1",
					"$(inherited)",
				);
				GCC_WARN_64_TO_32_BIT_CONVERSION = YES;
				GCC_WARN_ABOUT_RETURN_TYPE = YES_ERROR;
				GCC_WARN_UNDECLARED_SELECTOR = YES;
				GCC_WARN_UNINITIALIZED_AUTOS = YES_AGGRESSIVE;
				GCC_WARN_UNUSED_FUNCTION = YES;
				GCC_WARN_UNUSED_VARIABLE = YES;
				IPHONEOS_DEPLOYMENT_TARGET = 12.2;
				MTL_ENABLE_DEBUG_INFO = INCLUDE_SOURCE;
				MTL_FAST_MATH = YES;
				ONLY_ACTIVE_ARCH = YES;
				SDKROOT = iphoneos;
				SWIFT_ACTIVE_COMPILATION_CONDITIONS = DEBUG;
				SWIFT_OPTIMIZATION_LEVEL = "-Onone";
			};
			name = Debug;
		};
		EF7A90C422E4E95B00222FEC /* Release */ = {
			isa = XCBuildConfiguration;
			buildSettings = {
				ALWAYS_SEARCH_USER_PATHS = NO;
				CLANG_ANALYZER_NONNULL = YES;
				CLANG_ANALYZER_NUMBER_OBJECT_CONVERSION = YES_AGGRESSIVE;
				CLANG_CXX_LANGUAGE_STANDARD = "gnu++14";
				CLANG_CXX_LIBRARY = "libc++";
				CLANG_ENABLE_MODULES = YES;
				CLANG_ENABLE_OBJC_ARC = YES;
				CLANG_ENABLE_OBJC_WEAK = YES;
				CLANG_WARN_BLOCK_CAPTURE_AUTORELEASING = YES;
				CLANG_WARN_BOOL_CONVERSION = YES;
				CLANG_WARN_COMMA = YES;
				CLANG_WARN_CONSTANT_CONVERSION = YES;
				CLANG_WARN_DEPRECATED_OBJC_IMPLEMENTATIONS = YES;
				CLANG_WARN_DIRECT_OBJC_ISA_USAGE = YES_ERROR;
				CLANG_WARN_DOCUMENTATION_COMMENTS = YES;
				CLANG_WARN_EMPTY_BODY = YES;
				CLANG_WARN_ENUM_CONVERSION = YES;
				CLANG_WARN_INFINITE_RECURSION = YES;
				CLANG_WARN_INT_CONVERSION = YES;
				CLANG_WARN_NON_LITERAL_NULL_CONVERSION = YES;
				CLANG_WARN_OBJC_IMPLICIT_RETAIN_SELF = YES;
				CLANG_WARN_OBJC_LITERAL_CONVERSION = YES;
				CLANG_WARN_OBJC_ROOT_CLASS = YES_ERROR;
				CLANG_WARN_RANGE_LOOP_ANALYSIS = YES;
				CLANG_WARN_STRICT_PROTOTYPES = YES;
				CLANG_WARN_SUSPICIOUS_MOVE = YES;
				CLANG_WARN_UNGUARDED_AVAILABILITY = YES_AGGRESSIVE;
				CLANG_WARN_UNREACHABLE_CODE = YES;
				CLANG_WARN__DUPLICATE_METHOD_MATCH = YES;
				CODE_SIGN_IDENTITY = "iPhone Developer";
				COPY_PHASE_STRIP = NO;
				DEBUG_INFORMATION_FORMAT = "dwarf-with-dsym";
				ENABLE_NS_ASSERTIONS = NO;
				ENABLE_STRICT_OBJC_MSGSEND = YES;
				GCC_C_LANGUAGE_STANDARD = gnu11;
				GCC_NO_COMMON_BLOCKS = YES;
				GCC_WARN_64_TO_32_BIT_CONVERSION = YES;
				GCC_WARN_ABOUT_RETURN_TYPE = YES_ERROR;
				GCC_WARN_UNDECLARED_SELECTOR = YES;
				GCC_WARN_UNINITIALIZED_AUTOS = YES_AGGRESSIVE;
				GCC_WARN_UNUSED_FUNCTION = YES;
				GCC_WARN_UNUSED_VARIABLE = YES;
				IPHONEOS_DEPLOYMENT_TARGET = 12.2;
				MTL_ENABLE_DEBUG_INFO = NO;
				MTL_FAST_MATH = YES;
				SDKROOT = iphoneos;
				SWIFT_COMPILATION_MODE = wholemodule;
				SWIFT_OPTIMIZATION_LEVEL = "-O";
				VALIDATE_PRODUCT = YES;
			};
			name = Release;
		};
		EF7A90C622E4E95B00222FEC /* Debug */ = {
			isa = XCBuildConfiguration;
			buildSettings = {
				ASSETCATALOG_COMPILER_APPICON_NAME = AppIcon;
				CODE_SIGN_STYLE = Automatic;
				DEVELOPMENT_TEAM = SWLX6BZ2SW;
				INFOPLIST_FILE = FunTodo/Info.plist;
				LD_RUNPATH_SEARCH_PATHS = (
					"$(inherited)",
					"@executable_path/Frameworks",
				);
				PRODUCT_BUNDLE_IDENTIFIER = com.simpleapps.FunTodo;
				PRODUCT_NAME = "$(TARGET_NAME)";
				SWIFT_VERSION = 5.0;
				TARGETED_DEVICE_FAMILY = "1,2";
			};
			name = Debug;
		};
		EF7A90C722E4E95B00222FEC /* Release */ = {
			isa = XCBuildConfiguration;
			buildSettings = {
				ASSETCATALOG_COMPILER_APPICON_NAME = AppIcon;
				CODE_SIGN_STYLE = Automatic;
				DEVELOPMENT_TEAM = SWLX6BZ2SW;
				INFOPLIST_FILE = FunTodo/Info.plist;
				LD_RUNPATH_SEARCH_PATHS = (
					"$(inherited)",
					"@executable_path/Frameworks",
				);
				PRODUCT_BUNDLE_IDENTIFIER = com.simpleapps.FunTodo;
				PRODUCT_NAME = "$(TARGET_NAME)";
				SWIFT_VERSION = 5.0;
				TARGETED_DEVICE_FAMILY = "1,2";
			};
			name = Release;
		};
		EF7A90C922E4E95B00222FEC /* Debug */ = {
			isa = XCBuildConfiguration;
			buildSettings = {
				ALWAYS_EMBED_SWIFT_STANDARD_LIBRARIES = YES;
				BUNDLE_LOADER = "$(TEST_HOST)";
				CODE_SIGN_STYLE = Automatic;
				DEVELOPMENT_TEAM = SWLX6BZ2SW;
				INFOPLIST_FILE = FunTodoTests/Info.plist;
				LD_RUNPATH_SEARCH_PATHS = (
					"$(inherited)",
					"@executable_path/Frameworks",
					"@loader_path/Frameworks",
				);
				PRODUCT_BUNDLE_IDENTIFIER = com.simpleapps.FunTodoTests;
				PRODUCT_NAME = "$(TARGET_NAME)";
				SWIFT_VERSION = 5.0;
				TARGETED_DEVICE_FAMILY = "1,2";
				TEST_HOST = "$(BUILT_PRODUCTS_DIR)/FunTodo.app/FunTodo";
			};
			name = Debug;
		};
		EF7A90CA22E4E95B00222FEC /* Release */ = {
			isa = XCBuildConfiguration;
			buildSettings = {
				ALWAYS_EMBED_SWIFT_STANDARD_LIBRARIES = YES;
				BUNDLE_LOADER = "$(TEST_HOST)";
				CODE_SIGN_STYLE = Automatic;
				DEVELOPMENT_TEAM = SWLX6BZ2SW;
				INFOPLIST_FILE = FunTodoTests/Info.plist;
				LD_RUNPATH_SEARCH_PATHS = (
					"$(inherited)",
					"@executable_path/Frameworks",
					"@loader_path/Frameworks",
				);
				PRODUCT_BUNDLE_IDENTIFIER = com.simpleapps.FunTodoTests;
				PRODUCT_NAME = "$(TARGET_NAME)";
				SWIFT_VERSION = 5.0;
				TARGETED_DEVICE_FAMILY = "1,2";
				TEST_HOST = "$(BUILT_PRODUCTS_DIR)/FunTodo.app/FunTodo";
			};
			name = Release;
		};
		EF7A90CC22E4E95B00222FEC /* Debug */ = {
			isa = XCBuildConfiguration;
			buildSettings = {
				ALWAYS_EMBED_SWIFT_STANDARD_LIBRARIES = YES;
				CODE_SIGN_STYLE = Automatic;
				DEVELOPMENT_TEAM = SWLX6BZ2SW;
				INFOPLIST_FILE = FunTodoUITests/Info.plist;
				LD_RUNPATH_SEARCH_PATHS = (
					"$(inherited)",
					"@executable_path/Frameworks",
					"@loader_path/Frameworks",
				);
				PRODUCT_BUNDLE_IDENTIFIER = com.simpleapps.FunTodoUITests;
				PRODUCT_NAME = "$(TARGET_NAME)";
				SWIFT_VERSION = 5.0;
				TARGETED_DEVICE_FAMILY = "1,2";
				TEST_TARGET_NAME = FunTodo;
			};
			name = Debug;
		};
		EF7A90CD22E4E95B00222FEC /* Release */ = {
			isa = XCBuildConfiguration;
			buildSettings = {
				ALWAYS_EMBED_SWIFT_STANDARD_LIBRARIES = YES;
				CODE_SIGN_STYLE = Automatic;
				DEVELOPMENT_TEAM = SWLX6BZ2SW;
				INFOPLIST_FILE = FunTodoUITests/Info.plist;
				LD_RUNPATH_SEARCH_PATHS = (
					"$(inherited)",
					"@executable_path/Frameworks",
					"@loader_path/Frameworks",
				);
				PRODUCT_BUNDLE_IDENTIFIER = com.simpleapps.FunTodoUITests;
				PRODUCT_NAME = "$(TARGET_NAME)";
				SWIFT_VERSION = 5.0;
				TARGETED_DEVICE_FAMILY = "1,2";
				TEST_TARGET_NAME = FunTodo;
			};
			name = Release;
		};
/* End XCBuildConfiguration section */

/* Begin XCConfigurationList section */
		EF7A909522E4E95A00222FEC /* Build configuration list for PBXProject "FunTodo" */ = {
			isa = XCConfigurationList;
			buildConfigurations = (
				EF7A90C322E4E95B00222FEC /* Debug */,
				EF7A90C422E4E95B00222FEC /* Release */,
			);
			defaultConfigurationIsVisible = 0;
			defaultConfigurationName = Release;
		};
		EF7A90C522E4E95B00222FEC /* Build configuration list for PBXNativeTarget "FunTodo" */ = {
			isa = XCConfigurationList;
			buildConfigurations = (
				EF7A90C622E4E95B00222FEC /* Debug */,
				EF7A90C722E4E95B00222FEC /* Release */,
			);
			defaultConfigurationIsVisible = 0;
			defaultConfigurationName = Release;
		};
		EF7A90C822E4E95B00222FEC /* Build configuration list for PBXNativeTarget "FunTodoTests" */ = {
			isa = XCConfigurationList;
			buildConfigurations = (
				EF7A90C922E4E95B00222FEC /* Debug */,
				EF7A90CA22E4E95B00222FEC /* Release */,
			);
			defaultConfigurationIsVisible = 0;
			defaultConfigurationName = Release;
		};
		EF7A90CB22E4E95B00222FEC /* Build configuration list for PBXNativeTarget "FunTodoUITests" */ = {
			isa = XCConfigurationList;
			buildConfigurations = (
				EF7A90CC22E4E95B00222FEC /* Debug */,
				EF7A90CD22E4E95B00222FEC /* Release */,
			);
			defaultConfigurationIsVisible = 0;
			defaultConfigurationName = Release;
		};
/* End XCConfigurationList section */

/* Begin XCVersionGroup section */
		EF7A90A422E4E95A00222FEC /* FunTodo.xcdatamodeld */ = {
			isa = XCVersionGroup;
			children = (
				EF7A90A522E4E95A00222FEC /* FunTodo.xcdatamodel */,
			);
			currentVersion = EF7A90A522E4E95A00222FEC /* FunTodo.xcdatamodel */;
			path = FunTodo.xcdatamodeld;
			sourceTree = "<group>";
			versionGroupType = wrapper.xcdatamodel;
		};
/* End XCVersionGroup section */
	};
	rootObject = EF7A909222E4E95A00222FEC /* Project object */;
}
